
Microsoft Visual Studio Solution File, Format Version 12.00
# Visual Studio 15
VisualStudioVersion = 15.0.26228.4
MinimumVisualStudioVersion = 10.0.40219.1
Project("{2150E333-8FDC-42A3-9474-1A3956D46DE8}") = "src", "src", "{2387B510-FF25-43DA-80E8-2629988B6B5C}"
EndProject
Project("{2150E333-8FDC-42A3-9474-1A3956D46DE8}") = "tests", "tests", "{16C9B082-009E-4CEF-9CB9-C9BFCC1672A6}"
EndProject
Project("{9A19103F-16F7-4668-BE54-9A1E7A4F7556}") = "Web", "src\Web\Web.csproj", "{BB7E4A92-7E22-4550-98E9-DE23022F5899}"
EndProject
Project("{9A19103F-16F7-4668-BE54-9A1E7A4F7556}") = "DLL", "src\DLL\DLL.csproj", "{E17E5BFF-67C8-4080-B3BC-3E405DEE07E8}"
EndProject
Project("{9A19103F-16F7-4668-BE54-9A1E7A4F7556}") = "BLL", "src\BLL\BLL.csproj", "{5BD5E54D-E493-4BA8-A1A9-85290A4D0201}"
EndProject
Project("{9A19103F-16F7-4668-BE54-9A1E7A4F7556}") = "BLL.Test", "tests\BLL.Test\BLL.Test.csproj", "{90D71361-35FF-4B0F-9310-BB23C4F416CE}"
EndProject
Global
	GlobalSection(SolutionConfigurationPlatforms) = preSolution
		Debug|Any CPU = Debug|Any CPU
		Release|Any CPU = Release|Any CPU
	EndGlobalSection
	GlobalSection(ProjectConfigurationPlatforms) = postSolution
		{BB7E4A92-7E22-4550-98E9-DE23022F5899}.Debug|Any CPU.ActiveCfg = Debug|Any CPU
		{BB7E4A92-7E22-4550-98E9-DE23022F5899}.Debug|Any CPU.Build.0 = Debug|Any CPU
		{BB7E4A92-7E22-4550-98E9-DE23022F5899}.Release|Any CPU.ActiveCfg = Release|Any CPU
		{BB7E4A92-7E22-4550-98E9-DE23022F5899}.Release|Any CPU.Build.0 = Release|Any CPU
		{E17E5BFF-67C8-4080-B3BC-3E405DEE07E8}.Debug|Any CPU.ActiveCfg = Debug|Any CPU
		{E17E5BFF-67C8-4080-B3BC-3E405DEE07E8}.Debug|Any CPU.Build.0 = Debug|Any CPU
		{E17E5BFF-67C8-4080-B3BC-3E405DEE07E8}.Release|Any CPU.ActiveCfg = Release|Any CPU
		{E17E5BFF-67C8-4080-B3BC-3E405DEE07E8}.Release|Any CPU.Build.0 = Release|Any CPU
		{5BD5E54D-E493-4BA8-A1A9-85290A4D0201}.Debug|Any CPU.ActiveCfg = Debug|Any CPU
		{5BD5E54D-E493-4BA8-A1A9-85290A4D0201}.Debug|Any CPU.Build.0 = Debug|Any CPU
		{5BD5E54D-E493-4BA8-A1A9-85290A4D0201}.Release|Any CPU.ActiveCfg = Release|Any CPU
		{5BD5E54D-E493-4BA8-A1A9-85290A4D0201}.Release|Any CPU.Build.0 = Release|Any CPU
		{90D71361-35FF-4B0F-9310-BB23C4F416CE}.Debug|Any CPU.ActiveCfg = Debug|Any CPU
		{90D71361-35FF-4B0F-9310-BB23C4F416CE}.Debug|Any CPU.Build.0 = Debug|Any CPU
		{90D71361-35FF-4B0F-9310-BB23C4F416CE}.Release|Any CPU.ActiveCfg = Release|Any CPU
		{90D71361-35FF-4B0F-9310-BB23C4F416CE}.Release|Any CPU.Build.0 = Release|Any CPU
	EndGlobalSection
	GlobalSection(SolutionProperties) = preSolution
		HideSolutionNode = FALSE
	EndGlobalSection
	GlobalSection(NestedProjects) = preSolution
		{BB7E4A92-7E22-4550-98E9-DE23022F5899} = {2387B510-FF25-43DA-80E8-2629988B6B5C}
		{E17E5BFF-67C8-4080-B3BC-3E405DEE07E8} = {2387B510-FF25-43DA-80E8-2629988B6B5C}
		{5BD5E54D-E493-4BA8-A1A9-85290A4D0201} = {2387B510-FF25-43DA-80E8-2629988B6B5C}
		{90D71361-35FF-4B0F-9310-BB23C4F416CE} = {16C9B082-009E-4CEF-9CB9-C9BFCC1672A6}
	EndGlobalSection
EndGlobal
